# @generated - this file is auto-generated by `mise lock` https://mise.jdx.dev/dev-tools/mise-lock.html

lockfile_version = 1

[[tools."aqua:EmbarkStudios/cargo-deny"]]
version = "0.20.2"
backend = "aqua:EmbarkStudios/cargo-deny"
specifiers = ["0.20.2"]

[tools."aqua:EmbarkStudios/cargo-deny"."platforms.linux-arm64"]
checksum = "sha256:995c82be0defc7a025cae49a2aa2644ce8245c9a3318fc4103907c6a285e8c7d"
url = "https://github.com/EmbarkStudios/cargo-deny/releases/download/0.20.2/cargo-deny-0.20.2-aarch64-unknown-linux-musl.tar.gz"
url_api = "https://api.github.com/repos/EmbarkStudios/cargo-deny/releases/assets/471598345"

[tools."aqua:EmbarkStudios/cargo-deny"."platforms.linux-arm64-musl"]
checksum = "sha256:995c82be0defc7a025cae49a2aa2644ce8245c9a3318fc4103907c6a285e8c7d"
url = "https://github.com/EmbarkStudios/cargo-deny/releases/download/0.20.2/cargo-deny-0.20.2-aarch64-unknown-linux-musl.tar.gz"
url_api = "https://api.github.com/repos/EmbarkStudios/cargo-deny/releases/assets/471598345"

[tools."aqua:EmbarkStudios/cargo-deny"."platforms.linux-x64"]
checksum = "sha256:9f12ed4c49936e09b48bf862b595cde2fe64fcbd9d74dfacac6131ca824c8d5f"
url = "https://github.com/EmbarkStudios/cargo-deny/releases/download/0.20.2/cargo-deny-0.20.2-x86_64-unknown-linux-musl.tar.gz"
url_api = "https://api.github.com/repos/EmbarkStudios/cargo-deny/releases/assets/471598214"

[tools."aqua:EmbarkStudios/cargo-deny"."platforms.linux-x64-musl"]
checksum = "sha256:9f12ed4c49936e09b48bf862b595cde2fe64fcbd9d74dfacac6131ca824c8d5f"
url = "https://github.com/EmbarkStudios/cargo-deny/releases/download/0.20.2/cargo-deny-0.20.2-x86_64-unknown-linux-musl.tar.gz"
url_api = "https://api.github.com/repos/EmbarkStudios/cargo-deny/releases/assets/471598214"

[tools."aqua:EmbarkStudios/cargo-deny"."platforms.macos-arm64"]
checksum = "sha256:fe67d82a10d8597a3549364cb733a3f9cc1bfff9031b7ae46384a9f2a72090c3"
url = "https://github.com/EmbarkStudios/cargo-deny/releases/download/0.20.2/cargo-deny-0.20.2-aarch64-apple-darwin.tar.gz"
url_api = "https://api.github.com/repos/EmbarkStudios/cargo-deny/releases/assets/471597689"

[tools."aqua:EmbarkStudios/cargo-deny"."platforms.macos-x64"]
checksum = "sha256:248da7f581724e470071990c088ffc55c811981715f4cbdb258621fb79f8b7a6"
url = "https://github.com/EmbarkStudios/cargo-deny/releases/download/0.20.2/cargo-deny-0.20.2-x86_64-apple-darwin.tar.gz"
url_api = "https://api.github.com/repos/EmbarkStudios/cargo-deny/releases/assets/471598357"

[tools."aqua:EmbarkStudios/cargo-deny"."platforms.windows-x64"]
checksum = "sha256:975a22143262fd27476d19ee00c7af67978426e40e1dee94eed6bbade1cf87dc"
url = "https://github.com/EmbarkStudios/cargo-deny/releases/download/0.20.2/cargo-deny-0.20.2-x86_64-pc-windows-msvc.tar.gz"
url_api = "https://api.github.com/repos/EmbarkStudios/cargo-deny/releases/assets/471599057"

[[tools."aqua:taiki-e/cargo-llvm-cov"]]
version = "0.9.1"
backend = "aqua:taiki-e/cargo-llvm-cov"
specifiers = ["0.9.1"]

[tools."aqua:taiki-e/cargo-llvm-cov"."platforms.linux-arm64"]
checksum = "sha256:abf5f13c1520f8756d2192bfaaeadb0208f5b7eaa8cadc15bf847befa42b7360"
url = "https://github.com/taiki-e/cargo-llvm-cov/releases/download/v0.9.1/cargo-llvm-cov-aarch64-unknown-linux-gnu.tar.gz"
url_api = "https://api.github.com/repos/taiki-e/cargo-llvm-cov/releases/assets/547403281"
provenance = "github-attestations"

[tools."aqua:taiki-e/cargo-llvm-cov"."platforms.linux-arm64-musl"]
checksum = "sha256:49c0085628392a8d727c4464d91ec417c613c5015f5197cd16d5c05aa3fb5ad1"
url = "https://github.com/taiki-e/cargo-llvm-cov/releases/download/v0.9.1/cargo-llvm-cov-aarch64-unknown-linux-musl.tar.gz"
url_api = "https://api.github.com/repos/taiki-e/cargo-llvm-cov/releases/assets/547403283"
provenance = "github-attestations"

[tools."aqua:taiki-e/cargo-llvm-cov"."platforms.linux-x64"]
checksum = "sha256:b3f68e625481fed9b16444174f3fa5ebcdbde4a1878803a35eabe2dcefcdc41a"
url = "https://github.com/taiki-e/cargo-llvm-cov/releases/download/v0.9.1/cargo-llvm-cov-x86_64-unknown-linux-gnu.tar.gz"
url_api = "https://api.github.com/repos/taiki-e/cargo-llvm-cov/releases/assets/547403171"
provenance = "github-attestations"

[tools."aqua:taiki-e/cargo-llvm-cov"."platforms.linux-x64-musl"]
checksum = "sha256:3fca950394a3c49457657c158b1619cec8dfd2647ae5b48746734c0ab969a522"
url = "https://github.com/taiki-e/cargo-llvm-cov/releases/download/v0.9.1/cargo-llvm-cov-x86_64-unknown-linux-musl.tar.gz"
url_api = "https://api.github.com/repos/taiki-e/cargo-llvm-cov/releases/assets/547403186"
provenance = "github-attestations"

[tools."aqua:taiki-e/cargo-llvm-cov"."platforms.macos-arm64"]
checksum = "sha256:7e821a6c90c0884f79f759f5d9be50799ade67bb82515186d922f26032ef43b8"
url = "https://github.com/taiki-e/cargo-llvm-cov/releases/download/v0.9.1/cargo-llvm-cov-aarch64-apple-darwin.tar.gz"
url_api = "https://api.github.com/repos/taiki-e/cargo-llvm-cov/releases/assets/547403359"
provenance = "github-attestations"

[tools."aqua:taiki-e/cargo-llvm-cov"."platforms.macos-x64"]
checksum = "sha256:ddf949b82a63017441ea76aa068bdd7e2dde8055f47cd3ef736fdbbd633bc33e"
url = "https://github.com/taiki-e/cargo-llvm-cov/releases/download/v0.9.1/cargo-llvm-cov-x86_64-apple-darwin.tar.gz"
url_api = "https://api.github.com/repos/taiki-e/cargo-llvm-cov/releases/assets/547403156"
provenance = "github-attestations"

[tools."aqua:taiki-e/cargo-llvm-cov"."platforms.windows-x64"]
checksum = "sha256:15eefd5b90fcdd4006b727c6e710d70a61aff509fcd7bb37f9c2a35c4f024948"
url = "https://github.com/taiki-e/cargo-llvm-cov/releases/download/v0.9.1/cargo-llvm-cov-x86_64-pc-windows-msvc.tar.gz"
url_api = "https://api.github.com/repos/taiki-e/cargo-llvm-cov/releases/assets/547404213"
provenance = "github-attestations"

[[tools.cargo-binstall]]
version = "1.23.0"
backend = "aqua:cargo-bins/cargo-binstall"
specifiers = ["1.23.0"]

[tools.cargo-binstall."platforms.linux-arm64"]
checksum = "sha256:c458cfe9534d1958f159fc17b5f50e839297b4ee752b23ffdd80c5e15a734c42"
url = "https://github.com/cargo-bins/cargo-binstall/releases/download/v1.23.0/cargo-binstall-aarch64-unknown-linux-gnu.tgz"
url_api = "https://api.github.com/repos/cargo-bins/cargo-binstall/releases/assets/546062641"
provenance = "github-attestations"

[tools.cargo-binstall."platforms.linux-arm64-musl"]
checksum = "sha256:ba9b7bf426c7b7375825cd3fa367c3f8a632ca7c6c546fdcb738114b167f4103"
url = "https://github.com/cargo-bins/cargo-binstall/releases/download/v1.23.0/cargo-binstall-aarch64-unknown-linux-musl.tgz"
url_api = "https://api.github.com/repos/cargo-bins/cargo-binstall/releases/assets/546062597"
provenance = "github-attestations"

[tools.cargo-binstall."platforms.linux-x64"]
checksum = "sha256:cdada45ad6bb501185ab309f5eef3f628b6bc44460746565cb3e0c7538815bf3"
url = "https://github.com/cargo-bins/cargo-binstall/releases/download/v1.23.0/cargo-binstall-x86_64-unknown-linux-gnu.tgz"
url_api = "https://api.github.com/repos/cargo-bins/cargo-binstall/releases/assets/546062151"
provenance = "github-attestations"

[tools.cargo-binstall."platforms.linux-x64-musl"]
checksum = "sha256:64bf954c68bb558431deeabecaec7687edd5541c2189ee263bb8bc18bc4fdf55"
url = "https://github.com/cargo-bins/cargo-binstall/releases/download/v1.23.0/cargo-binstall-x86_64-unknown-linux-musl.tgz"
url_api = "https://api.github.com/repos/cargo-bins/cargo-binstall/releases/assets/546062088"
provenance = "github-attestations"

[tools.cargo-binstall."platforms.macos-arm64"]
checksum = "sha256:0f679c0bc992c6b84fdcbb0f65492588447d26596ef387cb6cb1ba41ad8ceb33"
url = "https://github.com/cargo-bins/cargo-binstall/releases/download/v1.23.0/cargo-binstall-aarch64-apple-darwin.zip"
url_api = "https://api.github.com/repos/cargo-bins/cargo-binstall/releases/assets/546062768"
provenance = "github-attestations"

[tools.cargo-binstall."platforms.macos-x64"]
checksum = "sha256:5b4d6cd99651318e17a26ed9bab7505de0f496d88793a7735a0fc6e2079efe83"
url = "https://github.com/cargo-bins/cargo-binstall/releases/download/v1.23.0/cargo-binstall-x86_64-apple-darwin.zip"
url_api = "https://api.github.com/repos/cargo-bins/cargo-binstall/releases/assets/546062270"
provenance = "github-attestations"

[tools.cargo-binstall."platforms.windows-x64"]
checksum = "sha256:f4641479477aca40387e88297e3813fab8e44a8d21f25faa44e0ff33e2bc1726"
url = "https://github.com/cargo-bins/cargo-binstall/releases/download/v1.23.0/cargo-binstall-x86_64-pc-windows-msvc.zip"
url_api = "https://api.github.com/repos/cargo-bins/cargo-binstall/releases/assets/546062212"
provenance = "github-attestations"

[[tools."cargo:lychee"]]
version = "0.24.2"
backend = "cargo:lychee"
specifiers = ["0.24.2"]

[[tools."cargo:mdbook"]]
version = "0.5.4"
backend = "cargo:mdbook"
specifiers = ["0.5.4"]

[[tools."github:nextest-rs/nextest"]]
version = "0.9.144"
backend = "github:nextest-rs/nextest"
specifiers = ["0.9.144"]

[tools."github:nextest-rs/nextest".options]
version_prefix = "cargo-nextest-"

[tools."github:nextest-rs/nextest"."platforms.linux-arm64"]
checksum = "sha256:7fecfd431b810c05c589d800524286b8f80ce2fe9fb1fef05caf16d095cea407"
url = "https://github.com/nextest-rs/nextest/releases/download/cargo-nextest-0.9.144/cargo-nextest-0.9.144-aarch64-unknown-linux-gnu.tar.gz"
url_api = "https://api.github.com/repos/nextest-rs/nextest/releases/assets/555799802"
provenance = "github-attestations"

[tools."github:nextest-rs/nextest"."platforms.linux-arm64-musl"]
checksum = "sha256:1b17ee6d30820c9c993dd0745fdab5df9b3d8706e67f9bf72c31979180ee60d9"
url = "https://github.com/nextest-rs/nextest/releases/download/cargo-nextest-0.9.144/cargo-nextest-0.9.144-aarch64-unknown-linux-musl.tar.gz"
url_api = "https://api.github.com/repos/nextest-rs/nextest/releases/assets/555798088"
provenance = "github-attestations"

[tools."github:nextest-rs/nextest"."platforms.linux-x64"]
checksum = "sha256:8a4f726272b0a1c499bd87ca3978bfbb1a8c20bb08ccf075b9996e2081bd1e1e"
url = "https://github.com/nextest-rs/nextest/releases/download/cargo-nextest-0.9.144/cargo-nextest-0.9.144-x86_64-unknown-linux-gnu.tar.gz"
url_api = "https://api.github.com/repos/nextest-rs/nextest/releases/assets/555799959"
provenance = "github-attestations"

[tools."github:nextest-rs/nextest"."platforms.linux-x64-musl"]
checksum = "sha256:20ed0a7d3d6f8dda9bb1b0bcb5838aea5784d3e2360746280868996d709dde0a"
url = "https://github.com/nextest-rs/nextest/releases/download/cargo-nextest-0.9.144/cargo-nextest-0.9.144-x86_64-unknown-linux-musl.tar.gz"
url_api = "https://api.github.com/repos/nextest-rs/nextest/releases/assets/555798324"
provenance = "github-attestations"

[tools."github:nextest-rs/nextest"."platforms.macos-arm64"]
checksum = "sha256:87472b2c3ee09154cadd34d168a5cdede478806810f095c3dc4dc499943da42e"
url = "https://github.com/nextest-rs/nextest/releases/download/cargo-nextest-0.9.144/cargo-nextest-0.9.144-universal-apple-darwin.tar.gz"
url_api = "https://api.github.com/repos/nextest-rs/nextest/releases/assets/555817983"
provenance = "github-attestations"

[tools."github:nextest-rs/nextest"."platforms.macos-x64"]
checksum = "sha256:87472b2c3ee09154cadd34d168a5cdede478806810f095c3dc4dc499943da42e"
url = "https://github.com/nextest-rs/nextest/releases/download/cargo-nextest-0.9.144/cargo-nextest-0.9.144-universal-apple-darwin.tar.gz"
url_api = "https://api.github.com/repos/nextest-rs/nextest/releases/assets/555817983"
provenance = "github-attestations"

[tools."github:nextest-rs/nextest"."platforms.windows-x64"]
checksum = "sha256:edc18a0a36912d8add2a4856714aad8c128303c1de471f14716c2453318e719d"
url = "https://github.com/nextest-rs/nextest/releases/download/cargo-nextest-0.9.144/cargo-nextest-0.9.144-x86_64-pc-windows-msvc.zip"
url_api = "https://api.github.com/repos/nextest-rs/nextest/releases/assets/555805898"
provenance = "github-attestations"

[[tools.node]]
version = "24.21.0"
backend = "core:node"
specifiers = ["24.21.0"]

[tools.node."platforms.linux-arm64"]
checksum = "sha256:724282c3b43aec998aa9527380465b45d229e021b58035f5f4f63095eabfe5d5"
url = "https://nodejs.org/dist/v24.21.0/node-v24.21.0-linux-arm64.tar.gz"

[tools.node."platforms.linux-arm64-musl"]
checksum = "sha256:3048b0811e158ca0d8672b59c839861763e144492980d8d29b369dfee45747e4"
url = "https://unofficial-builds.nodejs.org/download/release/v24.21.0/node-v24.21.0-linux-arm64-musl.tar.gz"

[tools.node."platforms.linux-x64"]
checksum = "sha256:6e1db87ef58b8819e5d5402eff1536491b18edd8eb7bee5ef7897876e88dc5ff"
url = "https://nodejs.org/dist/v24.21.0/node-v24.21.0-linux-x64.tar.gz"

[tools.node."platforms.linux-x64-musl"]
checksum = "sha256:01a713e34da98e7b4d2a3191ee7ca3f93dd0384d1a2ef23c379b2161ee6e133a"
url = "https://unofficial-builds.nodejs.org/download/release/v24.21.0/node-v24.21.0-linux-x64-musl.tar.gz"

[tools.node."platforms.macos-arm64"]
checksum = "sha256:bed7eea5325e1108f32ce5228ddd6a5f0f08a499ee42aa7442aea583702f6057"
url = "https://nodejs.org/dist/v24.21.0/node-v24.21.0-darwin-arm64.tar.gz"

[tools.node."platforms.macos-x64"]
checksum = "sha256:1462cb3b3046b815cf8ea436d3da450ec1a9f11dac7e5a46b0ada5305d7e8097"
url = "https://nodejs.org/dist/v24.21.0/node-v24.21.0-darwin-x64.tar.gz"

[tools.node."platforms.windows-x64"]
checksum = "sha256:158f7685b44de51f6c0df1d153526cbcd3e1bc739a8dfc607721cef75de9e541"
url = "https://nodejs.org/dist/v24.21.0/node-v24.21.0-win-x64.zip"

[[tools."pipx:pre-commit"]]
version = "4.6.2"
backend = "pipx:pre-commit"
specifiers = ["4.6.2"]

[[tools.python]]
version = "3.14.7"
backend = "core:python"
specifiers = ["3.14.7"]

[tools.python."platforms.linux-arm64"]
checksum = "sha256:8a0798baa8a2c27b5751d590aced543eaa85e20b3f73d93c1af049688acdc9c5"
url = "https://github.com/astral-sh/python-build-standalone/releases/download/20260901/cpython-3.14.7+20260901-aarch64-unknown-linux-gnu-install_only_stripped.tar.gz"
provenance = "github-attestations"

[tools.python."platforms.linux-arm64-musl"]
checksum = "sha256:701c31d72187242302922a29f3bc6023ceb68b6b68fb8d4ed7568d1e6ef34548"
url = "https://github.com/astral-sh/python-build-standalone/releases/download/20260901/cpython-3.14.7+20260901-aarch64-unknown-linux-musl-install_only_stripped.tar.gz"
provenance = "github-attestations"

[tools.python."platforms.linux-x64"]
checksum = "sha256:3959f92825141e04adf44982d3a83ee57af0877e893b0796e04c1468749d9b04"
url = "https://github.com/astral-sh/python-build-standalone/releases/download/20260901/cpython-3.14.7+20260901-x86_64-unknown-linux-gnu-install_only_stripped.tar.gz"
provenance = "github-attestations"

[tools.python."platforms.linux-x64-musl"]
checksum = "sha256:c773f8a7357c0d1a29e208a14bc16386731ca9c0d2e51f1b6741967fb0632cdc"
url = "https://github.com/astral-sh/python-build-standalone/releases/download/20260901/cpython-3.14.7+20260901-x86_64-unknown-linux-musl-install_only_stripped.tar.gz"
provenance = "github-attestations"

[tools.python."platforms.macos-arm64"]
checksum = "sha256:4632cb1a6edad9e73d3c81b6d2e69131637d995173e3e85005df14102b0592ba"
url = "https://github.com/astral-sh/python-build-standalone/releases/download/20260901/cpython-3.14.7+20260901-aarch64-apple-darwin-install_only_stripped.tar.gz"
provenance = "github-attestations"

[tools.python."platforms.macos-x64"]
checksum = "sha256:7e151a7c9028855b61a7d6e78381f2020a1ef185281399f3b1aafc5e1c9a1a64"
url = "https://github.com/astral-sh/python-build-standalone/releases/download/20260901/cpython-3.14.7+20260901-x86_64-apple-darwin-install_only_stripped.tar.gz"
provenance = "github-attestations"

[tools.python."platforms.windows-x64"]
checksum = "sha256:ca3c33ca924dfcab3b74205a7a58a88b0255135c53f95497b26b5e60700fd66d"
url = "https://github.com/astral-sh/python-build-standalone/releases/download/20260901/cpython-3.14.7+20260901-x86_64-pc-windows-msvc-install_only_stripped.tar.gz"
provenance = "github-attestations"
